// !$*UTF8*$!
{
	archiveVersion = 1;
	classes = {
	};
	objectVersion = 46;
	objects = {

/* Begin PBXBuildFile section */
		484A6D551C6A2CB700BC5C59 /* main.m in Sources */ = {isa = PBXBuildFile; fileRef = 484A6D541C6A2CB700BC5C59 /* main.m */; };
		484A6D581C6A2CB700BC5C59 /* AppDelegate.m in Sources */ = {isa = PBXBuildFile; fileRef = 484A6D571C6A2CB700BC5C59 /* AppDelegate.m */; };
		484A6D5B1C6A2CB700BC5C59 /* ViewController.m in Sources */ = {isa = PBXBuildFile; fileRef = 484A6D5A1C6A2CB700BC5C59 /* ViewController.m */; };
		484A6D5E1C6A2CB700BC5C59 /* Main.storyboard in Resources */ = {isa = PBXBuildFile; fileRef = 484A6D5C1C6A2CB700BC5C59 /* Main.storyboard */; };
		484A6D601C6A2CB700BC5C59 /* Assets.xcassets in Resources */ = {isa = PBXBuildFile; fileRef = 484A6D5F1C6A2CB700BC5C59 /* Assets.xcassets */; };
		484A6D631C6A2CB700BC5C59 /* LaunchScreen.storyboard in Resources */ = {isa = PBXBuildFile; fileRef = 484A6D611C6A2CB700BC5C59 /* LaunchScreen.storyboard */; };
		484A6D711C6A2FBD00BC5C59 /* name.csv in Resources */ = {isa = PBXBuildFile; fileRef = 484A6D6B1C6A2FBD00BC5C59 /* name.csv */; };
		484A6D721C6A2FBD00BC5C59 /* NameGenerator.m in Sources */ = {isa = PBXBuildFile; fileRef = 484A6D6D1C6A2FBD00BC5C59 /* NameGenerator.m */; };
		484A6D731C6A2FBD00BC5C59 /* README in Resources */ = {isa = PBXBuildFile; fileRef = 484A6D6E1C6A2FBD00BC5C59 /* README */; };
		484A6D741C6A2FBD00BC5C59 /* syllable.csv in Resources */ = {isa = PBXBuildFile; fileRef = 484A6D6F1C6A2FBD00BC5C59 /* syllable.csv */; };
		484A6D751C6A2FBD00BC5C59 /* title.csv in Resources */ = {isa = PBXBuildFile; fileRef = 484A6D701C6A2FBD00BC5C59 /* title.csv */; };
		48D017C71C6A315F00526DCD /* Person.m in Sources */ = {isa = PBXBuildFile; fileRef = 48D017C61C6A315F00526DCD /* Person.m */; };
		48E116041C6A39F30072CAB7 /* DAMSearchController.m in Sources */ = {isa = PBXBuildFile; fileRef = 48E116031C6A39F30072CAB7 /* DAMSearchController.m */; };
		48E1160A1C6A40D80072CAB7 /* UIViewController+DAMSearchController.m in Sources */ = {isa = PBXBuildFile; fileRef = 48E116091C6A40D80072CAB7 /* UIViewController+DAMSearchController.m */; };
/* End PBXBuildFile section */

/* Begin PBXFileReference section */
		484A6D501C6A2CB700BC5C59 /* SearchController.app */ = {isa = PBXFileReference; explicitFileType = wrapper.application; includeInIndex = 0; path = SearchController.app; sourceTree = BUILT_PRODUCTS_DIR; };
		484A6D541C6A2CB700BC5C59 /* main.m */ = {isa = PBXFileReference; lastKnownFileType = sourcecode.c.objc; path = main.m; sourceTree = "<group>"; };
		484A6D561C6A2CB700BC5C59 /* AppDelegate.h */ = {isa = PBXFileReference; lastKnownFileType = sourcecode.c.h; path = AppDelegate.h; sourceTree = "<group>"; };
		484A6D571C6A2CB700BC5C59 /* AppDelegate.m */ = {isa = PBXFileReference; lastKnownFileType = sourcecode.c.objc; path = AppDelegate.m; sourceTree = "<group>"; };
		484A6D591C6A2CB700BC5C59 /* ViewController.h */ = {isa = PBXFileReference; lastKnownFileType = sourcecode.c.h; path = ViewController.h; sourceTree = "<group>"; };
		484A6D5A1C6A2CB700BC5C59 /* ViewController.m */ = {isa = PBXFileReference; lastKnownFileType = sourcecode.c.objc; path = ViewController.m; sourceTree = "<group>"; };
		484A6D5D1C6A2CB700BC5C59 /* Base */ = {isa = PBXFileReference; lastKnownFileType = file.storyboard; name = Base; path = Base.lproj/Main.storyboard; sourceTree = "<group>"; };
		484A6D5F1C6A2CB700BC5C59 /* Assets.xcassets */ = {isa = PBXFileReference; lastKnownFileType = folder.assetcatalog; path = Assets.xcassets; sourceTree = "<group>"; };
		484A6D621C6A2CB700BC5C59 /* Base */ = {isa = PBXFileReference; lastKnownFileType = file.storyboard; name = Base; path = Base.lproj/LaunchScreen.storyboard; sourceTree = "<group>"; };
		484A6D641C6A2CB700BC5C59 /* Info.plist */ = {isa = PBXFileReference; lastKnownFileType = text.plist.xml; path = Info.plist; sourceTree = "<group>"; };
		484A6D6B1C6A2FBD00BC5C59 /* name.csv */ = {isa = PBXFileReference; fileEncoding = 4; lastKnownFileType = text; path = name.csv; sourceTree = "<group>"; };
		484A6D6C1C6A2FBD00BC5C59 /* NameGenerator.h */ = {isa = PBXFileReference; fileEncoding = 4; lastKnownFileType = sourcecode.c.h; path = NameGenerator.h; sourceTree = "<group>"; };
		484A6D6D1C6A2FBD00BC5C59 /* NameGenerator.m */ = {isa = PBXFileReference; fileEncoding = 4; lastKnownFileType = sourcecode.c.objc; path = NameGenerator.m; sourceTree = "<group>"; };
		484A6D6E1C6A2FBD00BC5C59 /* README */ = {isa = PBXFileReference; fileEncoding = 4; lastKnownFileType = text; path = README; sourceTree = "<group>"; };
		484A6D6F1C6A2FBD00BC5C59 /* syllable.csv */ = {isa = PBXFileReference; fileEncoding = 4; lastKnownFileType = text; path = syllable.csv; sourceTree = "<group>"; };
		484A6D701C6A2FBD00BC5C59 /* title.csv */ = {isa = PBXFileReference; fileEncoding = 4; lastKnownFileType = text; path = title.csv; sourceTree = "<group>"; };
		48D017C51C6A315F00526DCD /* Person.h */ = {isa = PBXFileReference; fileEncoding = 4; lastKnownFileType = sourcecode.c.h; path = Person.h; sourceTree = "<group>"; };
		48D017C61C6A315F00526DCD /* Person.m */ = {isa = PBXFileReference; fileEncoding = 4; lastKnownFileType = sourcecode.c.objc; path = Person.m; sourceTree = "<group>"; };
		48E116021C6A39F30072CAB7 /* DAMSearchController.h */ = {isa = PBXFileReference; fileEncoding = 4; lastKnownFileType = sourcecode.c.h; path = DAMSearchController.h; sourceTree = "<group>"; };
		48E116031C6A39F30072CAB7 /* DAMSearchController.m */ = {isa = PBXFileReference; fileEncoding = 4; lastKnownFileType = sourcecode.c.objc; path = DAMSearchController.m; sourceTree = "<group>"; };
		48E116081C6A40D80072CAB7 /* UIViewController+DAMSearchController.h */ = {isa = PBXFileReference; fileEncoding = 4; lastKnownFileType = sourcecode.c.h; path = "UIViewController+DAMSearchController.h"; sourceTree = "<group>"; };
		48E116091C6A40D80072CAB7 /* UIViewController+DAMSearchController.m */ = {isa = PBXFileReference; fileEncoding = 4; lastKnownFileType = sourcecode.c.objc; path = "UIViewController+DAMSearchController.m"; sourceTree = "<group>"; };
/* End PBXFileReference section */

/* Begin PBXFrameworksBuildPhase section */
		484A6D4D1C6A2CB700BC5C59 /* Frameworks */ = {
			isa = PBXFrameworksBuildPhase;
			buildActionMask = 2147483647;
			files = (
			);
			runOnlyForDeploymentPostprocessing = 0;
		};
/* End PBXFrameworksBuildPhase section */

/* Begin PBXGroup section */
		484A6D471C6A2CB700BC5C59 = {
			isa = PBXGroup;
			children = (
				484A6D521C6A2CB700BC5C59 /* SearchController */,
				484A6D511C6A2CB700BC5C59 /* Products */,
			);
			sourceTree = "<group>";
		};
		484A6D511C6A2CB700BC5C59 /* Products */ = {
			isa = PBXGroup;
			children = (
				484A6D501C6A2CB700BC5C59 /* SearchController.app */,
			);
			name = Products;
			sourceTree = "<group>";
		};
		484A6D521C6A2CB700BC5C59 /* SearchController */ = {
			isa = PBXGroup;
			children = (
				48E116011C6A39C30072CAB7 /* Search Controller */,
				48D017C81C6A32CA00526DCD /* Model */,
				48D017CB1C6A32FB00526DCD /* View */,
				48D017CC1C6A330700526DCD /* Controller */,
				48D017C91C6A32DC00526DCD /* 3rd Party */,
				48D017CA1C6A32ED00526DCD /* Resources */,
				484A6D531C6A2CB700BC5C59 /* Supporting Files */,
			);
			path = SearchController;
			sourceTree = "<group>";
		};
		484A6D531C6A2CB700BC5C59 /* Supporting Files */ = {
			isa = PBXGroup;
			children = (
				484A6D541C6A2CB700BC5C59 /* main.m */,
			);
			name = "Supporting Files";
			sourceTree = "<group>";
		};
		484A6D6A1C6A2FBD00BC5C59 /* Name Generator */ = {
			isa = PBXGroup;
			children = (
				484A6D6B1C6A2FBD00BC5C59 /* name.csv */,
				484A6D6C1C6A2FBD00BC5C59 /* NameGenerator.h */,
				484A6D6D1C6A2FBD00BC5C59 /* NameGenerator.m */,
				484A6D6E1C6A2FBD00BC5C59 /* README */,
				484A6D6F1C6A2FBD00BC5C59 /* syllable.csv */,
				484A6D701C6A2FBD00BC5C59 /* title.csv */,
			);
			path = "Name Generator";
			sourceTree = "<group>";
		};
		48D017C81C6A32CA00526DCD /* Model */ = {
			isa = PBXGroup;
			children = (
				48D017C51C6A315F00526DCD /* Person.h */,
				48D017C61C6A315F00526DCD /* Person.m */,
			);
			name = Model;
			sourceTree = "<group>";
		};
		48D017C91C6A32DC00526DCD /* 3rd Party */ = {
			isa = PBXGroup;
			children = (
				484A6D6A1C6A2FBD00BC5C59 /* Name Generator */,
			);
			name = "3rd Party";
			sourceTree = "<group>";
		};
		48D017CA1C6A32ED00526DCD /* Resources */ = {
			isa = PBXGroup;
			children = (
				484A6D561C6A2CB700BC5C59 /* AppDelegate.h */,
				484A6D571C6A2CB700BC5C59 /* AppDelegate.m */,
				484A6D5F1C6A2CB700BC5C59 /* Assets.xcassets */,
				484A6D611C6A2CB700BC5C59 /* LaunchScreen.storyboard */,
				484A6D641C6A2CB700BC5C59 /* Info.plist */,
			);
			name = Resources;
			sourceTree = "<group>";
		};
		48D017CB1C6A32FB00526DCD /* View */ = {
			isa = PBXGroup;
			children = (
				484A6D5C1C6A2CB700BC5C59 /* Main.storyboard */,
			);
			name = View;
			sourceTree = "<group>";
		};
		48D017CC1C6A330700526DCD /* Controller */ = {
			isa = PBXGroup;
			children = (
				484A6D591C6A2CB700BC5C59 /* ViewController.h */,
				484A6D5A1C6A2CB700BC5C59 /* ViewController.m */,
			);
			name = Controller;
			sourceTree = "<group>";
		};
		48E116011C6A39C30072CAB7 /* Search Controller */ = {
			isa = PBXGroup;
			children = (
				48E116021C6A39F30072CAB7 /* DAMSearchController.h */,
				48E116031C6A39F30072CAB7 /* DAMSearchController.m */,
				48E116081C6A40D80072CAB7 /* UIViewController+DAMSearchController.h */,
				48E116091C6A40D80072CAB7 /* UIViewController+DAMSearchController.m */,
			);
			name = "Search Controller";
			sourceTree = "<group>";
		};
/* End PBXGroup section */

/* Begin PBXNativeTarget section */
		484A6D4F1C6A2CB700BC5C59 /* SearchController */ = {
			isa = PBXNativeTarget;
			buildConfigurationList = 484A6D671C6A2CB700BC5C59 /* Build configuration list for PBXNativeTarget "SearchController" */;
			buildPhases = (
				484A6D4C1C6A2CB700BC5C59 /* Sources */,
				484A6D4D1C6A2CB700BC5C59 /* Frameworks */,
				484A6D4E1C6A2CB700BC5C59 /* Resources */,
			);
			buildRules = (
			);
			dependencies = (
			);
			name = SearchController;
			productName = SearchController;
			productReference = 484A6D501C6A2CB700BC5C59 /* SearchController.app */;
			productType = "com.apple.product-type.application";
		};
/* End PBXNativeTarget section */

/* Begin PBXProject section */
		484A6D481C6A2CB700BC5C59 /* Project object */ = {
			isa = PBXProject;
			attributes = {
				LastUpgradeCheck = 0720;
				ORGANIZATIONNAME = "Daniel Martyn";
				TargetAttributes = {
					484A6D4F1C6A2CB700BC5C59 = {
						CreatedOnToolsVersion = 7.2.1;
					};
				};
			};
			buildConfigurationList = 484A6D4B1C6A2CB700BC5C59 /* Build configuration list for PBXProject "SearchController" */;
			compatibilityVersion = "Xcode 3.2";
			developmentRegion = English;
			hasScannedForEncodings = 0;
			knownRegions = (
				en,
				Base,
			);
			mainGroup = 484A6D471C6A2CB700BC5C59;
			productRefGroup = 484A6D511C6A2CB700BC5C59 /* Products */;
			projectDirPath = "";
			projectRoot = "";
			targets = (
				484A6D4F1C6A2CB700BC5C59 /* SearchController */,
			);
		};
/* End PBXProject section */

/* Begin PBXResourcesBuildPhase section */
		484A6D4E1C6A2CB700BC5C59 /* Resources */ = {
			isa = PBXResourcesBuildPhase;
			buildActionMask = 2147483647;
			files = (
				484A6D731C6A2FBD00BC5C59 /* README in Resources */,
				484A6D631C6A2CB700BC5C59 /* LaunchScreen.storyboard in Resources */,
				484A6D741C6A2FBD00BC5C59 /* syllable.csv in Resources */,
				484A6D601C6A2CB700BC5C59 /* Assets.xcassets in Resources */,
				484A6D5E1C6A2CB700BC5C59 /* Main.storyboard in Resources */,
				484A6D711C6A2FBD00BC5C59 /* name.csv in Resources */,
				484A6D751C6A2FBD00BC5C59 /* title.csv in Resources */,
			);
			runOnlyForDeploymentPostprocessing = 0;
		};
/* End PBXResourcesBuildPhase section */

/* Begin PBXSourcesBuildPhase section */
		484A6D4C1C6A2CB700BC5C59 /* Sources */ = {
			isa = PBXSourcesBuildPhase;
			buildActionMask = 2147483647;
			files = (
				484A6D5B1C6A2CB700BC5C59 /* ViewController.m in Sources */,
				484A6D581C6A2CB700BC5C59 /* AppDelegate.m in Sources */,
				48E116041C6A39F30072CAB7 /* DAMSearchController.m in Sources */,
				48D017C71C6A315F00526DCD /* Person.m in Sources */,
				48E1160A1C6A40D80072CAB7 /* UIViewController+DAMSearchController.m in Sources */,
				484A6D721C6A2FBD00BC5C59 /* NameGenerator.m in Sources */,
				484A6D551C6A2CB700BC5C59 /* main.m in Sources */,
			);
			runOnlyForDeploymentPostprocessing = 0;
		};
/* End PBXSourcesBuildPhase section */

/* Begin PBXVariantGroup section */
		484A6D5C1C6A2CB700BC5C59 /* Main.storyboard */ = {
			isa = PBXVariantGroup;
			children = (
				484A6D5D1C6A2CB700BC5C59 /* Base */,
			);
			name = Main.storyboard;
			sourceTree = "<group>";
		};
		484A6D611C6A2CB700BC5C59 /* LaunchScreen.storyboard */ = {
			isa = PBXVariantGroup;
			children = (
				484A6D621C6A2CB700BC5C59 /* Base */,
			);
			name = LaunchScreen.storyboard;
			sourceTree = "<group>";
		};
/* End PBXVariantGroup section */

/* Begin XCBuildConfiguration section */
		484A6D651C6A2CB700BC5C59 /* Debug */ = {
			isa = XCBuildConfiguration;
			buildSettings = {
				ALWAYS_SEARCH_USER_PATHS = NO;
				CLANG_CXX_LANGUAGE_STANDARD = "gnu++0x";
				CLANG_CXX_LIBRARY = "libc++";
				CLANG_ENABLE_MODULES = YES;
				CLANG_ENABLE_OBJC_ARC = YES;
				CLANG_WARN_BOOL_CONVERSION = YES;
				CLANG_WARN_CONSTANT_CONVERSION = YES;
				CLANG_WARN_DIRECT_OBJC_ISA_USAGE = YES_ERROR;
				CLANG_WARN_EMPTY_BODY = YES;
				CLANG_WARN_ENUM_CONVERSION = YES;
				CLANG_WARN_INT_CONVERSION = YES;
				CLANG_WARN_OBJC_ROOT_CLASS = YES_ERROR;
				CLANG_WARN_UNREACHABLE_CODE = YES;
				CLANG_WARN__DUPLICATE_METHOD_MATCH = YES;
				"CODE_SIGN_IDENTITY[sdk=iphoneos*]" = "iPhone Developer";
				COPY_PHASE_STRIP = NO;
				DEBUG_INFORMATION_FORMAT = dwarf;
				ENABLE_STRICT_OBJC_MSGSEND = YES;
				ENABLE_TESTABILITY = YES;
				GCC_C_LANGUAGE_STANDARD = gnu99;
				GCC_DYNAMIC_NO_PIC = NO;
				GCC_NO_COMMON_BLOCKS = YES;
				GCC_OPTIMIZATION_LEVEL = 0;
				GCC_PREPROCESSOR_DEFINITIONS = (
					"DEBUG=1",
					"$(inherited)",
				);
				GCC_WARN_64_TO_32_BIT_CONVERSION = YES;
				GCC_WARN_ABOUT_RETURN_TYPE = YES_ERROR;
				GCC_WARN_UNDECLARED_SELECTOR = YES;
				GCC_WARN_UNINITIALIZED_AUTOS = YES_AGGRESSIVE;
				GCC_WARN_UNUSED_FUNCTION = YES;
				GCC_WARN_UNUSED_VARIABLE = YES;
				IPHONEOS_DEPLOYMENT_TARGET = 9.2;
				MTL_ENABLE_DEBUG_INFO = YES;
				ONLY_ACTIVE_ARCH = YES;
				SDKROOT = iphoneos;
				TARGETED_DEVICE_FAMILY = "1,2";
			};
			name = Debug;
		};
		484A6D661C6A2CB700BC5C59 /* Release */ = {
			isa = XCBuildConfiguration;
			buildSettings = {
				ALWAYS_SEARCH_USER_PATHS = NO;
				CLANG_CXX_LANGUAGE_STANDARD = "gnu++0x";
				CLANG_CXX_LIBRARY = "libc++";
				CLANG_ENABLE_MODULES = YES;
				CLANG_ENABLE_OBJC_ARC = YES;
				CLANG_WARN_BOOL_CONVERSION = YES;
				CLANG_WARN_CONSTANT_CONVERSION = YES;
				CLANG_WARN_DIRECT_OBJC_ISA_USAGE = YES_ERROR;
				CLANG_WARN_EMPTY_BODY = YES;
				CLANG_WARN_ENUM_CONVERSION = YES;
				CLANG_WARN_INT_CONVERSION = YES;
				CLANG_WARN_OBJC_ROOT_CLASS = YES_ERROR;
				CLANG_WARN_UNREACHABLE_CODE = YES;
				CLANG_WARN__DUPLICATE_METHOD_MATCH = YES;
				"CODE_SIGN_IDENTITY[sdk=iphoneos*]" = "iPhone Developer";
				COPY_PHASE_STRIP = NO;
				DEBUG_INFORMATION_FORMAT = "dwarf-with-dsym";
				ENABLE_NS_ASSERTIONS = NO;
				ENABLE_STRICT_OBJC_MSGSEND = YES;
				GCC_C_LANGUAGE_STANDARD = gnu99;
				GCC_NO_COMMON_BLOCKS = YES;
				GCC_WARN_64_TO_32_BIT_CONVERSION = YES;
				GCC_WARN_ABOUT_RETURN_TYPE = YES_ERROR;
				GCC_WARN_UNDECLARED_SELECTOR = YES;
				GCC_WARN_UNINITIALIZED_AUTOS = YES_AGGRESSIVE;
				GCC_WARN_UNUSED_FUNCTION = YES;
				GCC_WARN_UNUSED_VARIABLE = YES;
				IPHONEOS_DEPLOYMENT_TARGET = 9.2;
				MTL_ENABLE_DEBUG_INFO = NO;
				SDKROOT = iphoneos;
				TARGETED_DEVICE_FAMILY = "1,2";
				VALIDATE_PRODUCT = YES;
			};
			name = Release;
		};
		484A6D681C6A2CB700BC5C59 /* Debug */ = {
			isa = XCBuildConfiguration;
			buildSettings = {
				ASSETCATALOG_COMPILER_APPICON_NAME = AppIcon;
				CLANG_ENABLE_OBJC_ARC = YES;
				INFOPLIST_FILE = SearchController/Info.plist;
				LD_RUNPATH_SEARCH_PATHS = "$(inherited) @executable_path/Frameworks";
				PRODUCT_BUNDLE_IDENTIFIER = com.danmartyn.SearchController;
				PRODUCT_NAME = "$(TARGET_NAME)";
			};
			name = Debug;
		};
		484A6D691C6A2CB700BC5C59 /* Release */ = {
			isa = XCBuildConfiguration;
			buildSettings = {
				ASSETCATALOG_COMPILER_APPICON_NAME = AppIcon;
				CLANG_ENABLE_OBJC_ARC = YES;
				INFOPLIST_FILE = SearchController/Info.plist;
				LD_RUNPATH_SEARCH_PATHS = "$(inherited) @executable_path/Frameworks";
				PRODUCT_BUNDLE_IDENTIFIER = com.danmartyn.SearchController;
				PRODUCT_NAME = "$(TARGET_NAME)";
			};
			name = Release;
		};
/* End XCBuildConfiguration section */

/* Begin XCConfigurationList section */
		484A6D4B1C6A2CB700BC5C59 /* Build configuration list for PBXProject "SearchController" */ = {
			isa = XCConfigurationList;
			buildConfigurations = (
				484A6D651C6A2CB700BC5C59 /* Debug */,
				484A6D661C6A2CB700BC5C59 /* Release */,
			);
			defaultConfigurationIsVisible = 0;
			defaultConfigurationName = Release;
		};
		484A6D671C6A2CB700BC5C59 /* Build configuration list for PBXNativeTarget "SearchController" */ = {
			isa = XCConfigurationList;
			buildConfigurations = (
				484A6D681C6A2CB700BC5C59 /* Debug */,
				484A6D691C6A2CB700BC5C59 /* Release */,
			);
			defaultConfigurationIsVisible = 0;
			defaultConfigurationName = Release;
		};
/* End XCConfigurationList section */
	};
	rootObject = 484A6D481C6A2CB700BC5C59 /* Project object */;
}
